
Microsoft Visual Studio Solution File, Format Version 12.00
# Visual Studio 2012
Project("{FAE04EC0-301F-11D3-BF4B-00C04F79EFBC}") = "AutomaticMedicalSystem", "AutomaticMedicalSystem\AutomaticMedicalSystem.csproj", "{3889DFDF-98CB-4B6D-99B2-08AC4E984557}"
EndProject
Project("{FAE04EC0-301F-11D3-BF4B-00C04F79EFBC}") = "UnitTestProject_AMs", "UnitTestProject_AMs\UnitTestProject_AMs.csproj", "{A71238F3-2C09-4313-8C43-A97C8A3735EC}"
EndProject
Global
	GlobalSection(SolutionConfigurationPlatforms) = preSolution
		Debug|Any CPU = Debug|Any CPU
		Release|Any CPU = Release|Any CPU
	EndGlobalSection
	GlobalSection(ProjectConfigurationPlatforms) = postSolution
		{3889DFDF-98CB-4B6D-99B2-08AC4E984557}.Debug|Any CPU.ActiveCfg = Debug|Any CPU
		{3889DFDF-98CB-4B6D-99B2-08AC4E984557}.Debug|Any CPU.Build.0 = Debug|Any CPU
		{3889DFDF-98CB-4B6D-99B2-08AC4E984557}.Release|Any CPU.ActiveCfg = Release|Any CPU
		{3889DFDF-98CB-4B6D-99B2-08AC4E984557}.Release|Any CPU.Build.0 = Release|Any CPU
		{A71238F3-2C09-4313-8C43-A97C8A3735EC}.Debug|Any CPU.ActiveCfg = Debug|Any CPU
		{A71238F3-2C09-4313-8C43-A97C8A3735EC}.Debug|Any CPU.Build.0 = Debug|Any CPU
		{A71238F3-2C09-4313-8C43-A97C8A3735EC}.Release|Any CPU.ActiveCfg = Release|Any CPU
		{A71238F3-2C09-4313-8C43-A97C8A3735EC}.Release|Any CPU.Build.0 = Release|Any CPU
	EndGlobalSection
	GlobalSection(SolutionProperties) = preSolution
		HideSolutionNode = FALSE
	EndGlobalSection
EndGlobal
